# generated by rye
# use `rye lock` or `rye sync` to update this lockfile
#
# last locked with the following flags:
#   pre: false
#   features: []
#   all-features: false
#   with-sources: false
#   generate-hashes: false
#   universal: false

-e file:.
annotated-types==0.7.0
    # via pydantic
anyio==4.4.0
    # via httpx
    # via starlette
    # via watchfiles
attrs==24.2.0
    # via jsonschema
    # via referencing
beautifulsoup4==4.12.3
    # via python-fasthtml
certifi==2024.7.4
    # via httpcore
    # via httpx
click==8.1.7
    # via typer
    # via uvicorn
colorama==0.4.6
    # via typer
fastcore==1.6.3
    # via fastlite
    # via python-fasthtml
    # via sqlite-minutils
fastlite==0.0.7
    # via python-fasthtml
h11==0.14.0
    # via httpcore
    # via uvicorn
httpcore==1.0.5
    # via httpx
httptools==0.6.1
    # via uvicorn
httpx==0.27.0
    # via python-fasthtml
idna==3.7
    # via anyio
    # via httpx
itsdangerous==2.2.0
    # via python-fasthtml
jsonschema==4.23.0
    # via stac-model
jsonschema-specifications==2023.12.1
    # via jsonschema
markdown-it-py==3.0.0
    # via rich
mdurl==0.1.2
    # via markdown-it-py
numpy==2.0.1
    # via shapely
oauthlib==3.2.2
    # via python-fasthtml
packaging==24.1
    # via fastcore
pydantic==2.8.2
    # via mlm-form
    # via stac-model
pydantic-core==2.20.1
    # via pydantic
    # via stac-model
pygments==2.18.0
    # via rich
pystac==1.10.1
    # via mlm-form
    # via stac-model
python-dateutil==2.9.0.post0
    # via pystac
    # via python-fasthtml
python-dotenv==1.0.1
    # via uvicorn
python-fasthtml==0.2.4
    # via mlm-form
python-multipart==0.0.9
    # via python-fasthtml
pyyaml==6.0.2
    # via uvicorn
referencing==0.35.1
    # via jsonschema
    # via jsonschema-specifications
rich==13.7.1
    # via stac-model
    # via typer
rpds-py==0.20.0
    # via jsonschema
    # via referencing
shapely==2.0.5
    # via stac-model
shellingham==1.5.4
    # via typer
six==1.16.0
    # via python-dateutil
sniffio==1.3.1
    # via anyio
    # via httpx
soupsieve==2.5
    # via beautifulsoup4
sqlite-minutils==3.36.0.post4
    # via fastlite
stac-model==0.2.0
    # via mlm-form
starlette==0.38.2
    # via python-fasthtml
typer==0.9.4
    # via stac-model
typing-extensions==4.12.2
    # via pydantic
    # via pydantic-core
    # via typer
uvicorn==0.30.5
    # via python-fasthtml
uvloop==0.19.0
    # via uvicorn
watchfiles==0.23.0
    # via uvicorn
websockets==12.0
    # via uvicorn
